{
    "name": "FemilkBot",
    "version": "1.0.0",
    "lockfileVersion": 2,
    "requires": true,
    "packages": {
        "": {
            "name": "FemilkBot",
            "version": "1.0.0",
            "license": "ISC",
            "dependencies": {
                "cron": "^1.8.2",
                "random-item": "^4.0.1",
                "random-item-in-array": "^1.0.0",
                "twitter-api-v2": "^1.10.0"
            }
        },
        "node_modules/cron": {
            "version": "1.8.2",
            "resolved": "https://registry.npmjs.org/cron/-/cron-1.8.2.tgz",
            "integrity": "sha512-Gk2c4y6xKEO8FSAUTklqtfSr7oTq0CiPQeLBG5Fl0qoXpZyMcj1SG59YL+hqq04bu6/IuEA7lMkYDAplQNKkyg==",
            "dependencies": {
                "moment-timezone": "^0.5.x"
            }
        },
        "node_modules/moment": {
            "version": "2.29.1",
            "resolved": "https://registry.npmjs.org/moment/-/moment-2.29.1.tgz",
            "integrity": "sha512-kHmoybcPV8Sqy59DwNDY3Jefr64lK/by/da0ViFcuA4DH0vQg5Q6Ze5VimxkfQNSC+Mls/Kx53s7TjP1RhFEDQ==",
            "engines": {
                "node": "*"
            }
        },
        "node_modules/moment-timezone": {
            "version": "0.5.34",
            "resolved": "https://registry.npmjs.org/moment-timezone/-/moment-timezone-0.5.34.tgz",
            "integrity": "sha512-3zAEHh2hKUs3EXLESx/wsgw6IQdusOT8Bxm3D9UrHPQR7zlMmzwybC8zHEM1tQ4LJwP7fcxrWr8tuBg05fFCbg==",
            "dependencies": {
                "moment": ">= 2.9.0"
            },
            "engines": {
                "node": "*"
            }
        },
        "node_modules/random-item": {
            "version": "4.0.1",
            "resolved": "https://registry.npmjs.org/random-item/-/random-item-4.0.1.tgz",
            "integrity": "sha512-52SyTkFhFm6YP6MN9U5+txr8lBN5/fE2+xjzp1snaDzDNHN8a6Lu/G9fSc3gvD1+bmT+kIS7A0EP9QJQgRBfsg==",
            "engines": {
                "node": ">=12"
            },
            "funding": {
                "url": "https://github.com/sponsors/sindresorhus"
            }
        },
        "node_modules/random-item-in-array": {
            "version": "1.0.0",
            "resolved": "https://registry.npmjs.org/random-item-in-array/-/random-item-in-array-1.0.0.tgz",
            "integrity": "sha1-V+ks9J/Nwy1I001yd0mIDD0u9nk=",
            "dependencies": {
                "random-number-in-range": "^1.0.0"
            }
        },
        "node_modules/random-number-in-range": {
            "version": "1.0.2",
            "resolved": "https://registry.npmjs.org/random-number-in-range/-/random-number-in-range-1.0.2.tgz",
            "integrity": "sha1-84NjCA/4gxBLdX8nrnk23ii7/o4="
        },
        "node_modules/twitter-api-v2": {
            "version": "1.11.0",
            "resolved": "https://registry.npmjs.org/twitter-api-v2/-/twitter-api-v2-1.11.0.tgz",
            "integrity": "sha512-aCIHKtzhQdKp5fYXCHY6HCfkNc9QAhbJ+zIPGzPCbx8/2UnfmNGIVt9eZqsJP5kj96p9BfXMXsTVhn4nvFsBNA=="
        }
    },
    "dependencies": {
        "cron": {
            "version": "1.8.2",
            "resolved": "https://registry.npmjs.org/cron/-/cron-1.8.2.tgz",
            "integrity": "sha512-Gk2c4y6xKEO8FSAUTklqtfSr7oTq0CiPQeLBG5Fl0qoXpZyMcj1SG59YL+hqq04bu6/IuEA7lMkYDAplQNKkyg==",
            "requires": {
                "moment-timezone": "^0.5.x"
            }
        },
        "moment": {
            "version": "2.29.1",
            "resolved": "https://registry.npmjs.org/moment/-/moment-2.29.1.tgz",
            "integrity": "sha512-kHmoybcPV8Sqy59DwNDY3Jefr64lK/by/da0ViFcuA4DH0vQg5Q6Ze5VimxkfQNSC+Mls/Kx53s7TjP1RhFEDQ=="
        },
        "moment-timezone": {
            "version": "0.5.34",
            "resolved": "https://registry.npmjs.org/moment-timezone/-/moment-timezone-0.5.34.tgz",
            "integrity": "sha512-3zAEHh2hKUs3EXLESx/wsgw6IQdusOT8Bxm3D9UrHPQR7zlMmzwybC8zHEM1tQ4LJwP7fcxrWr8tuBg05fFCbg==",
            "requires": {
                "moment": ">= 2.9.0"
            }
        },
        "random-item": {
            "version": "4.0.1",
            "resolved": "https://registry.npmjs.org/random-item/-/random-item-4.0.1.tgz",
            "integrity": "sha512-52SyTkFhFm6YP6MN9U5+txr8lBN5/fE2+xjzp1snaDzDNHN8a6Lu/G9fSc3gvD1+bmT+kIS7A0EP9QJQgRBfsg=="
        },
        "random-item-in-array": {
            "version": "1.0.0",
            "resolved": "https://registry.npmjs.org/random-item-in-array/-/random-item-in-array-1.0.0.tgz",
            "integrity": "sha1-V+ks9J/Nwy1I001yd0mIDD0u9nk=",
            "requires": {
                "random-number-in-range": "^1.0.0"
            }
        },
        "random-number-in-range": {
            "version": "1.0.2",
            "resolved": "https://registry.npmjs.org/random-number-in-range/-/random-number-in-range-1.0.2.tgz",
            "integrity": "sha1-84NjCA/4gxBLdX8nrnk23ii7/o4="
        },
        "twitter-api-v2": {
            "version": "1.11.0",
            "resolved": "https://registry.npmjs.org/twitter-api-v2/-/twitter-api-v2-1.11.0.tgz",
            "integrity": "sha512-aCIHKtzhQdKp5fYXCHY6HCfkNc9QAhbJ+zIPGzPCbx8/2UnfmNGIVt9eZqsJP5kj96p9BfXMXsTVhn4nvFsBNA=="
        }
    }
}
